// !$*UTF8*$!
{
	archiveVersion = 1;
	classes = {
	};
	objectVersion = 46;
	objects = {

/* Begin PBXBuildFile section */
		ABCC3C021E522AD400CD3F1F /* main.m in Sources */ = {isa = PBXBuildFile; fileRef = ABCC3C011E522AD400CD3F1F /* main.m */; };
		ABCC3C051E522AD400CD3F1F /* AppDelegate.m in Sources */ = {isa = PBXBuildFile; fileRef = ABCC3C041E522AD400CD3F1F /* AppDelegate.m */; };
		ABCC3C081E522AD400CD3F1F /* ViewController.m in Sources */ = {isa = PBXBuildFile; fileRef = ABCC3C071E522AD400CD3F1F /* ViewController.m */; };
		ABCC3C0B1E522AD400CD3F1F /* Main.storyboard in Resources */ = {isa = PBXBuildFile; fileRef = ABCC3C091E522AD400CD3F1F /* Main.storyboard */; };
		ABCC3C0D1E522AD400CD3F1F /* Assets.xcassets in Resources */ = {isa = PBXBuildFile; fileRef = ABCC3C0C1E522AD400CD3F1F /* Assets.xcassets */; };
		ABCC3C101E522AD400CD3F1F /* LaunchScreen.storyboard in Resources */ = {isa = PBXBuildFile; fileRef = ABCC3C0E1E522AD400CD3F1F /* LaunchScreen.storyboard */; };
/* End PBXBuildFile section */

/* Begin PBXFileReference section */
		ABCC3BFD1E522AD400CD3F1F /* Groceries App.app */ = {isa = PBXFileReference; explicitFileType = wrapper.application; includeInIndex = 0; path = "Groceries App.app"; sourceTree = BUILT_PRODUCTS_DIR; };
		ABCC3C011E522AD400CD3F1F /* main.m */ = {isa = PBXFileReference; lastKnownFileType = sourcecode.c.objc; path = main.m; sourceTree = "<group>"; };
		ABCC3C031E522AD400CD3F1F /* AppDelegate.h */ = {isa = PBXFileReference; lastKnownFileType = sourcecode.c.h; path = AppDelegate.h; sourceTree = "<group>"; };
		ABCC3C041E522AD400CD3F1F /* AppDelegate.m */ = {isa = PBXFileReference; lastKnownFileType = sourcecode.c.objc; path = AppDelegate.m; sourceTree = "<group>"; };
		ABCC3C061E522AD400CD3F1F /* ViewController.h */ = {isa = PBXFileReference; lastKnownFileType = sourcecode.c.h; path = ViewController.h; sourceTree = "<group>"; };
		ABCC3C071E522AD400CD3F1F /* ViewController.m */ = {isa = PBXFileReference; lastKnownFileType = sourcecode.c.objc; path = ViewController.m; sourceTree = "<group>"; };
		ABCC3C0A1E522AD400CD3F1F /* Base */ = {isa = PBXFileReference; lastKnownFileType = file.storyboard; name = Base; path = Base.lproj/Main.storyboard; sourceTree = "<group>"; };
		ABCC3C0C1E522AD400CD3F1F /* Assets.xcassets */ = {isa = PBXFileReference; lastKnownFileType = folder.assetcatalog; path = Assets.xcassets; sourceTree = "<group>"; };
		ABCC3C0F1E522AD400CD3F1F /* Base */ = {isa = PBXFileReference; lastKnownFileType = file.storyboard; name = Base; path = Base.lproj/LaunchScreen.storyboard; sourceTree = "<group>"; };
		ABCC3C111E522AD400CD3F1F /* Info.plist */ = {isa = PBXFileReference; lastKnownFileType = text.plist.xml; path = Info.plist; sourceTree = "<group>"; };
/* End PBXFileReference section */

/* Begin PBXFrameworksBuildPhase section */
		ABCC3BFA1E522AD400CD3F1F /* Frameworks */ = {
			isa = PBXFrameworksBuildPhase;
			buildActionMask = 2147483647;
			files = (
			);
			runOnlyForDeploymentPostprocessing = 0;
		};
/* End PBXFrameworksBuildPhase section */

/* Begin PBXGroup section */
		ABCC3BF41E522AD400CD3F1F = {
			isa = PBXGroup;
			children = (
				ABCC3BFF1E522AD400CD3F1F /* Groceries App */,
				ABCC3BFE1E522AD400CD3F1F /* Products */,
			);
			sourceTree = "<group>";
		};
		ABCC3BFE1E522AD400CD3F1F /* Products */ = {
			isa = PBXGroup;
			children = (
				ABCC3BFD1E522AD400CD3F1F /* Groceries App.app */,
			);
			name = Products;
			sourceTree = "<group>";
		};
		ABCC3BFF1E522AD400CD3F1F /* Groceries App */ = {
			isa = PBXGroup;
			children = (
				ABCC3C031E522AD400CD3F1F /* AppDelegate.h */,
				ABCC3C041E522AD400CD3F1F /* AppDelegate.m */,
				ABCC3C061E522AD400CD3F1F /* ViewController.h */,
				ABCC3C071E522AD400CD3F1F /* ViewController.m */,
				ABCC3C091E522AD400CD3F1F /* Main.storyboard */,
				ABCC3C0C1E522AD400CD3F1F /* Assets.xcassets */,
				ABCC3C0E1E522AD400CD3F1F /* LaunchScreen.storyboard */,
				ABCC3C111E522AD400CD3F1F /* Info.plist */,
				ABCC3C001E522AD400CD3F1F /* Supporting Files */,
			);
			path = "Groceries App";
			sourceTree = "<group>";
		};
		ABCC3C001E522AD400CD3F1F /* Supporting Files */ = {
			isa = PBXGroup;
			children = (
				ABCC3C011E522AD400CD3F1F /* main.m */,
			);
			name = "Supporting Files";
			sourceTree = "<group>";
		};
/* End PBXGroup section */

/* Begin PBXNativeTarget section */
		ABCC3BFC1E522AD400CD3F1F /* Groceries App */ = {
			isa = PBXNativeTarget;
			buildConfigurationList = ABCC3C141E522AD400CD3F1F /* Build configuration list for PBXNativeTarget "Groceries App" */;
			buildPhases = (
				ABCC3BF91E522AD400CD3F1F /* Sources */,
				ABCC3BFA1E522AD400CD3F1F /* Frameworks */,
				ABCC3BFB1E522AD400CD3F1F /* Resources */,
			);
			buildRules = (
			);
			dependencies = (
			);
			name = "Groceries App";
			productName = "Groceries App";
			productReference = ABCC3BFD1E522AD400CD3F1F /* Groceries App.app */;
			productType = "com.apple.product-type.application";
		};
/* End PBXNativeTarget section */

/* Begin PBXProject section */
		ABCC3BF51E522AD400CD3F1F /* Project object */ = {
			isa = PBXProject;
			attributes = {
				LastUpgradeCheck = 0820;
				ORGANIZATIONNAME = "Jonathan Edgar";
				TargetAttributes = {
					ABCC3BFC1E522AD400CD3F1F = {
						CreatedOnToolsVersion = 8.2.1;
						DevelopmentTeam = JVCXTUSEZC;
						ProvisioningStyle = Automatic;
					};
				};
			};
			buildConfigurationList = ABCC3BF81E522AD400CD3F1F /* Build configuration list for PBXProject "Groceries App" */;
			compatibilityVersion = "Xcode 3.2";
			developmentRegion = English;
			hasScannedForEncodings = 0;
			knownRegions = (
				en,
				Base,
			);
			mainGroup = ABCC3BF41E522AD400CD3F1F;
			productRefGroup = ABCC3BFE1E522AD400CD3F1F /* Products */;
			projectDirPath = "";
			projectRoot = "";
			targets = (
				ABCC3BFC1E522AD400CD3F1F /* Groceries App */,
			);
		};
/* End PBXProject section */

/* Begin PBXResourcesBuildPhase section */
		ABCC3BFB1E522AD400CD3F1F /* Resources */ = {
			isa = PBXResourcesBuildPhase;
			buildActionMask = 2147483647;
			files = (
				ABCC3C101E522AD400CD3F1F /* LaunchScreen.storyboard in Resources */,
				ABCC3C0D1E522AD400CD3F1F /* Assets.xcassets in Resources */,
				ABCC3C0B1E522AD400CD3F1F /* Main.storyboard in Resources */,
			);
			runOnlyForDeploymentPostprocessing = 0;
		};
/* End PBXResourcesBuildPhase section */

/* Begin PBXSourcesBuildPhase section */
		ABCC3BF91E522AD400CD3F1F /* Sources */ = {
			isa = PBXSourcesBuildPhase;
			buildActionMask = 2147483647;
			files = (
				ABCC3C081E522AD400CD3F1F /* ViewController.m in Sources */,
				ABCC3C051E522AD400CD3F1F /* AppDelegate.m in Sources */,
				ABCC3C021E522AD400CD3F1F /* main.m in Sources */,
			);
			runOnlyForDeploymentPostprocessing = 0;
		};
/* End PBXSourcesBuildPhase section */

/* Begin PBXVariantGroup section */
		ABCC3C091E522AD400CD3F1F /* Main.storyboard */ = {
			isa = PBXVariantGroup;
			children = (
				ABCC3C0A1E522AD400CD3F1F /* Base */,
			);
			name = Main.storyboard;
			sourceTree = "<group>";
		};
		ABCC3C0E1E522AD400CD3F1F /* LaunchScreen.storyboard */ = {
			isa = PBXVariantGroup;
			children = (
				ABCC3C0F1E522AD400CD3F1F /* Base */,
			);
			name = LaunchScreen.storyboard;
			sourceTree = "<group>";
		};
/* End PBXVariantGroup section */

/* Begin XCBuildConfiguration section */
		ABCC3C121E522AD400CD3F1F /* Debug */ = {
			isa = XCBuildConfiguration;
			buildSettings = {
				ALWAYS_SEARCH_USER_PATHS = NO;
				CLANG_ANALYZER_NONNULL = YES;
				CLANG_CXX_LANGUAGE_STANDARD = "gnu++0x";
				CLANG_CXX_LIBRARY = "libc++";
				CLANG_ENABLE_MODULES = YES;
				CLANG_ENABLE_OBJC_ARC = YES;
				CLANG_WARN_BOOL_CONVERSION = YES;
				CLANG_WARN_CONSTANT_CONVERSION = YES;
				CLANG_WARN_DIRECT_OBJC_ISA_USAGE = YES_ERROR;
				CLANG_WARN_DOCUMENTATION_COMMENTS = YES;
				CLANG_WARN_EMPTY_BODY = YES;
				CLANG_WARN_ENUM_CONVERSION = YES;
				CLANG_WARN_INFINITE_RECURSION = YES;
				CLANG_WARN_INT_CONVERSION = YES;
				CLANG_WARN_OBJC_ROOT_CLASS = YES_ERROR;
				CLANG_WARN_SUSPICIOUS_MOVE = YES;
				CLANG_WARN_UNREACHABLE_CODE = YES;
				CLANG_WARN__DUPLICATE_METHOD_MATCH = YES;
				"CODE_SIGN_IDENTITY[sdk=iphoneos*]" = "iPhone Developer";
				COPY_PHASE_STRIP = NO;
				DEBUG_INFORMATION_FORMAT = dwarf;
				ENABLE_STRICT_OBJC_MSGSEND = YES;
				ENABLE_TESTABILITY = YES;
				GCC_C_LANGUAGE_STANDARD = gnu99;
				GCC_DYNAMIC_NO_PIC = NO;
				GCC_NO_COMMON_BLOCKS = YES;
				GCC_OPTIMIZATION_LEVEL = 0;
				GCC_PREPROCESSOR_DEFINITIONS = (
					"DEBUG=1",
					"$(inherited)",
				);
				GCC_WARN_64_TO_32_BIT_CONVERSION = YES;
				GCC_WARN_ABOUT_RETURN_TYPE = YES_ERROR;
				GCC_WARN_UNDECLARED_SELECTOR = YES;
				GCC_WARN_UNINITIALIZED_AUTOS = YES_AGGRESSIVE;
				GCC_WARN_UNUSED_FUNCTION = YES;
				GCC_WARN_UNUSED_VARIABLE = YES;
				IPHONEOS_DEPLOYMENT_TARGET = 10.2;
				MTL_ENABLE_DEBUG_INFO = YES;
				ONLY_ACTIVE_ARCH = YES;
				SDKROOT = iphoneos;
				TARGETED_DEVICE_FAMILY = "1,2";
			};
			name = Debug;
		};
		ABCC3C131E522AD400CD3F1F /* Release */ = {
			isa = XCBuildConfiguration;
			buildSettings = {
				ALWAYS_SEARCH_USER_PATHS = NO;
				CLANG_ANALYZER_NONNULL = YES;
				CLANG_CXX_LANGUAGE_STANDARD = "gnu++0x";
				CLANG_CXX_LIBRARY = "libc++";
				CLANG_ENABLE_MODULES = YES;
				CLANG_ENABLE_OBJC_ARC = YES;
				CLANG_WARN_BOOL_CONVERSION = YES;
				CLANG_WARN_CONSTANT_CONVERSION = YES;
				CLANG_WARN_DIRECT_OBJC_ISA_USAGE = YES_ERROR;
				CLANG_WARN_DOCUMENTATION_COMMENTS = YES;
				CLANG_WARN_EMPTY_BODY = YES;
				CLANG_WARN_ENUM_CONVERSION = YES;
				CLANG_WARN_INFINITE_RECURSION = YES;
				CLANG_WARN_INT_CONVERSION = YES;
				CLANG_WARN_OBJC_ROOT_CLASS = YES_ERROR;
				CLANG_WARN_SUSPICIOUS_MOVE = YES;
				CLANG_WARN_UNREACHABLE_CODE = YES;
				CLANG_WARN__DUPLICATE_METHOD_MATCH = YES;
				"CODE_SIGN_IDENTITY[sdk=iphoneos*]" = "iPhone Developer";
				COPY_PHASE_STRIP = NO;
				DEBUG_INFORMATION_FORMAT = "dwarf-with-dsym";
				ENABLE_NS_ASSERTIONS = NO;
				ENABLE_STRICT_OBJC_MSGSEND = YES;
				GCC_C_LANGUAGE_STANDARD = gnu99;
				GCC_NO_COMMON_BLOCKS = YES;
				GCC_WARN_64_TO_32_BIT_CONVERSION = YES;
				GCC_WARN_ABOUT_RETURN_TYPE = YES_ERROR;
				GCC_WARN_UNDECLARED_SELECTOR = YES;
				GCC_WARN_UNINITIALIZED_AUTOS = YES_AGGRESSIVE;
				GCC_WARN_UNUSED_FUNCTION = YES;
				GCC_WARN_UNUSED_VARIABLE = YES;
				IPHONEOS_DEPLOYMENT_TARGET = 10.2;
				MTL_ENABLE_DEBUG_INFO = NO;
				SDKROOT = iphoneos;
				TARGETED_DEVICE_FAMILY = "1,2";
				VALIDATE_PRODUCT = YES;
			};
			name = Release;
		};
		ABCC3C151E522AD400CD3F1F /* Debug */ = {
			isa = XCBuildConfiguration;
			buildSettings = {
				ASSETCATALOG_COMPILER_APPICON_NAME = AppIcon;
				DEVELOPMENT_TEAM = JVCXTUSEZC;
				INFOPLIST_FILE = "Groceries App/Info.plist";
				LD_RUNPATH_SEARCH_PATHS = "$(inherited) @executable_path/Frameworks";
				PRODUCT_BUNDLE_IDENTIFIER = "TIY.Groceries-App";
				PRODUCT_NAME = "$(TARGET_NAME)";
			};
			name = Debug;
		};
		ABCC3C161E522AD400CD3F1F /* Release */ = {
			isa = XCBuildConfiguration;
			buildSettings = {
				ASSETCATALOG_COMPILER_APPICON_NAME = AppIcon;
				DEVELOPMENT_TEAM = JVCXTUSEZC;
				INFOPLIST_FILE = "Groceries App/Info.plist";
				LD_RUNPATH_SEARCH_PATHS = "$(inherited) @executable_path/Frameworks";
				PRODUCT_BUNDLE_IDENTIFIER = "TIY.Groceries-App";
				PRODUCT_NAME = "$(TARGET_NAME)";
			};
			name = Release;
		};
/* End XCBuildConfiguration section */

/* Begin XCConfigurationList section */
		ABCC3BF81E522AD400CD3F1F /* Build configuration list for PBXProject "Groceries App" */ = {
			isa = XCConfigurationList;
			buildConfigurations = (
				ABCC3C121E522AD400CD3F1F /* Debug */,
				ABCC3C131E522AD400CD3F1F /* Release */,
			);
			defaultConfigurationIsVisible = 0;
			defaultConfigurationName = Release;
		};
		ABCC3C141E522AD400CD3F1F /* Build configuration list for PBXNativeTarget "Groceries App" */ = {
			isa = XCConfigurationList;
			buildConfigurations = (
				ABCC3C151E522AD400CD3F1F /* Debug */,
				ABCC3C161E522AD400CD3F1F /* Release */,
			);
			defaultConfigurationIsVisible = 0;
		};
/* End XCConfigurationList section */
	};
	rootObject = ABCC3BF51E522AD400CD3F1F /* Project object */;
}
